# This file is automatically @generated by Cargo.
# It is not intended for manual editing.
[[package]]
name = "cc"
version = "1.0.46"
source = "registry+https://github.com/rust-lang/crates.io-index"

[[package]]
name = "cmake"
version = "0.1.42"
source = "registry+https://github.com/rust-lang/crates.io-index"
dependencies = [
 "cc 1.0.46 (registry+https://github.com/rust-lang/crates.io-index)",
]

[[package]]
name = "leveldb-sys"
version = "2.0.3"
dependencies = [
 "cmake 0.1.42 (registry+https://github.com/rust-lang/crates.io-index)",
 "libc 0.2.65 (registry+https://github.com/rust-lang/crates.io-index)",
 "num_cpus 1.10.1 (registry+https://github.com/rust-lang/crates.io-index)",
]

[[package]]
name = "libc"
version = "0.2.65"
source = "registry+https://github.com/rust-lang/crates.io-index"

[[package]]
name = "num_cpus"
version = "1.10.1"
source = "registry+https://github.com/rust-lang/crates.io-index"
dependencies = [
 "libc 0.2.65 (registry+https://github.com/rust-lang/crates.io-index)",
]

[metadata]
"checksum cc 1.0.46 (registry+https://github.com/rust-lang/crates.io-index)" = "0213d356d3c4ea2c18c40b037c3be23cd639825c18f25ee670ac7813beeef99c"
"checksum cmake 0.1.42 (registry+https://github.com/rust-lang/crates.io-index)" = "81fb25b677f8bf1eb325017cb6bb8452f87969db0fedb4f757b297bee78a7c62"
"checksum libc 0.2.65 (registry+https://github.com/rust-lang/crates.io-index)" = "1a31a0627fdf1f6a39ec0dd577e101440b7db22672c0901fe00a9a6fbb5c24e8"
"checksum num_cpus 1.10.1 (registry+https://github.com/rust-lang/crates.io-index)" = "bcef43580c035376c0705c42792c294b66974abbfd2789b511784023f71f3273"
